
Microsoft Visual Studio Solution File, Format Version 12.00
# Visual Studio 14
VisualStudioVersion = 14.0.25420.1
MinimumVisualStudioVersion = 10.0.40219.1
Project("{8BB2217D-0F2D-49D1-97BC-3654ED321F3B}") = "MyShoppingList", "MyShoppingList\MyShoppingList.xproj", "{2FD25482-CB74-4895-8D2C-43F4A9DCB6FF}"
EndProject
Project("{2150E333-8FDC-42A3-9474-1A3956D46DE8}") = "Solution Items", "Solution Items", "{7F24CDD5-C0BD-4C67-913C-AA81E3077CFD}"
	ProjectSection(SolutionItems) = preProject
		azure.deployment = azure.deployment
	EndProjectSection
EndProject
Global
	GlobalSection(SolutionConfigurationPlatforms) = preSolution
		Debug|Any CPU = Debug|Any CPU
		Release|Any CPU = Release|Any CPU
	EndGlobalSection
	GlobalSection(ProjectConfigurationPlatforms) = postSolution
		{2FD25482-CB74-4895-8D2C-43F4A9DCB6FF}.Debug|Any CPU.ActiveCfg = Debug|Any CPU
		{2FD25482-CB74-4895-8D2C-43F4A9DCB6FF}.Debug|Any CPU.Build.0 = Debug|Any CPU
		{2FD25482-CB74-4895-8D2C-43F4A9DCB6FF}.Release|Any CPU.ActiveCfg = Release|Any CPU
		{2FD25482-CB74-4895-8D2C-43F4A9DCB6FF}.Release|Any CPU.Build.0 = Release|Any CPU
	EndGlobalSection
	GlobalSection(SolutionProperties) = preSolution
		HideSolutionNode = FALSE
	EndGlobalSection
EndGlobal
